// !$*UTF8*$!
{
	archiveVersion = 1;
	classes = {
	};
	objectVersion = 56;
	objects = {

/* Begin PBXBuildFile section */
		A10000000000000000000001 /* CodeMatchApp.swift in Sources */ = {isa = PBXBuildFile; fileRef = A20000000000000000000001 /* CodeMatchApp.swift */; };
		A10000000000000000000017 /* AppLanguage.swift in Sources */ = {isa = PBXBuildFile; fileRef = A2000000000000000000001D /* AppLanguage.swift */; };
		A10000000000000000000002 /* AppTheme.swift in Sources */ = {isa = PBXBuildFile; fileRef = A20000000000000000000002 /* AppTheme.swift */; };
		A10000000000000000000003 /* ScanModels.swift in Sources */ = {isa = PBXBuildFile; fileRef = A20000000000000000000003 /* ScanModels.swift */; };
		A10000000000000000000004 /* FeedbackPlayer.swift in Sources */ = {isa = PBXBuildFile; fileRef = A20000000000000000000004 /* FeedbackPlayer.swift */; };
		A10000000000000000000005 /* CameraScanner.swift in Sources */ = {isa = PBXBuildFile; fileRef = A20000000000000000000005 /* CameraScanner.swift */; };
		A10000000000000000000006 /* CameraPreview.swift in Sources */ = {isa = PBXBuildFile; fileRef = A20000000000000000000006 /* CameraPreview.swift */; };
		A10000000000000000000007 /* ScannerViewModel.swift in Sources */ = {isa = PBXBuildFile; fileRef = A20000000000000000000007 /* ScannerViewModel.swift */; };
		A10000000000000000000008 /* ScannerScreen.swift in Sources */ = {isa = PBXBuildFile; fileRef = A20000000000000000000008 /* ScannerScreen.swift */; };
		A10000000000000000000009 /* Assets.xcassets in Resources */ = {isa = PBXBuildFile; fileRef = A20000000000000000000009 /* Assets.xcassets */; };
		A1000000000000000000000A /* PrivacyInfo.xcprivacy in Resources */ = {isa = PBXBuildFile; fileRef = A2000000000000000000000A /* PrivacyInfo.xcprivacy */; };
		A1000000000000000000000B /* CodeMatcherTests.swift in Sources */ = {isa = PBXBuildFile; fileRef = A2000000000000000000000C /* CodeMatcherTests.swift */; };
		A1000000000000000000000C /* CodeMatchUITests.swift in Sources */ = {isa = PBXBuildFile; fileRef = A2000000000000000000000D /* CodeMatchUITests.swift */; };
		A1000000000000000000000D /* RootTabView.swift in Sources */ = {isa = PBXBuildFile; fileRef = A20000000000000000000013 /* RootTabView.swift */; };
		A1000000000000000000000E /* HistoryModels.swift in Sources */ = {isa = PBXBuildFile; fileRef = A20000000000000000000014 /* HistoryModels.swift */; };
		A1000000000000000000000F /* HistoryStore.swift in Sources */ = {isa = PBXBuildFile; fileRef = A20000000000000000000015 /* HistoryStore.swift */; };
		A10000000000000000000010 /* HistoryScreen.swift in Sources */ = {isa = PBXBuildFile; fileRef = A20000000000000000000016 /* HistoryScreen.swift */; };
		A10000000000000000000011 /* SettingsScreen.swift in Sources */ = {isa = PBXBuildFile; fileRef = A20000000000000000000017 /* SettingsScreen.swift */; };
		A10000000000000000000012 /* success1.mp3 in Resources */ = {isa = PBXBuildFile; fileRef = A20000000000000000000018 /* success1.mp3 */; };
		A10000000000000000000013 /* success2.mp3 in Resources */ = {isa = PBXBuildFile; fileRef = A20000000000000000000019 /* success2.mp3 */; };
		A10000000000000000000014 /* Fail1.mp3 in Resources */ = {isa = PBXBuildFile; fileRef = A2000000000000000000001A /* Fail1.mp3 */; };
		A10000000000000000000015 /* SessionPDFExporter.swift in Sources */ = {isa = PBXBuildFile; fileRef = A2000000000000000000001B /* SessionPDFExporter.swift */; };
		A10000000000000000000016 /* BluetoothScannerService.swift in Sources */ = {isa = PBXBuildFile; fileRef = A2000000000000000000001C /* BluetoothScannerService.swift */; };
		A10000000000000000000018 /* Localizable.xcstrings in Resources */ = {isa = PBXBuildFile; fileRef = A2000000000000000000001E /* Localizable.xcstrings */; };
		A10000000000000000000060 /* InfoPlist.strings in Resources */ = {isa = PBXBuildFile; fileRef = A20000000000000000000060 /* InfoPlist.strings */; };
/* End PBXBuildFile section */

/* Begin PBXContainerItemProxy section */
		A30000000000000000000001 /* PBXContainerItemProxy */ = {
			isa = PBXContainerItemProxy;
			containerPortal = A40000000000000000000001 /* Project object */;
			proxyType = 1;
			remoteGlobalIDString = A50000000000000000000001;
			remoteInfo = CodeMatch;
		};
		A30000000000000000000002 /* PBXContainerItemProxy */ = {
			isa = PBXContainerItemProxy;
			containerPortal = A40000000000000000000001 /* Project object */;
			proxyType = 1;
			remoteGlobalIDString = A50000000000000000000001;
			remoteInfo = CodeMatch;
		};
/* End PBXContainerItemProxy section */

/* Begin PBXFileReference section */
		A20000000000000000000001 /* CodeMatchApp.swift */ = {isa = PBXFileReference; lastKnownFileType = sourcecode.swift; path = CodeMatchApp.swift; sourceTree = "<group>"; };
		A2000000000000000000001D /* AppLanguage.swift */ = {isa = PBXFileReference; lastKnownFileType = sourcecode.swift; path = AppLanguage.swift; sourceTree = "<group>"; };
		A20000000000000000000002 /* AppTheme.swift */ = {isa = PBXFileReference; lastKnownFileType = sourcecode.swift; path = AppTheme.swift; sourceTree = "<group>"; };
		A20000000000000000000003 /* ScanModels.swift */ = {isa = PBXFileReference; lastKnownFileType = sourcecode.swift; path = ScanModels.swift; sourceTree = "<group>"; };
		A20000000000000000000004 /* FeedbackPlayer.swift */ = {isa = PBXFileReference; lastKnownFileType = sourcecode.swift; path = FeedbackPlayer.swift; sourceTree = "<group>"; };
		A20000000000000000000005 /* CameraScanner.swift */ = {isa = PBXFileReference; lastKnownFileType = sourcecode.swift; path = CameraScanner.swift; sourceTree = "<group>"; };
		A20000000000000000000006 /* CameraPreview.swift */ = {isa = PBXFileReference; lastKnownFileType = sourcecode.swift; path = CameraPreview.swift; sourceTree = "<group>"; };
		A20000000000000000000007 /* ScannerViewModel.swift */ = {isa = PBXFileReference; lastKnownFileType = sourcecode.swift; path = ScannerViewModel.swift; sourceTree = "<group>"; };
		A20000000000000000000008 /* ScannerScreen.swift */ = {isa = PBXFileReference; lastKnownFileType = sourcecode.swift; path = ScannerScreen.swift; sourceTree = "<group>"; };
		A20000000000000000000009 /* Assets.xcassets */ = {isa = PBXFileReference; lastKnownFileType = folder.assetcatalog; path = Assets.xcassets; sourceTree = "<group>"; };
		A2000000000000000000000A /* PrivacyInfo.xcprivacy */ = {isa = PBXFileReference; lastKnownFileType = text.xml; path = PrivacyInfo.xcprivacy; sourceTree = "<group>"; };
		A2000000000000000000000B /* Info.plist */ = {isa = PBXFileReference; lastKnownFileType = text.plist.xml; path = Info.plist; sourceTree = "<group>"; };
		A2000000000000000000000C /* CodeMatcherTests.swift */ = {isa = PBXFileReference; lastKnownFileType = sourcecode.swift; path = CodeMatcherTests.swift; sourceTree = "<group>"; };
		A2000000000000000000000D /* CodeMatchUITests.swift */ = {isa = PBXFileReference; lastKnownFileType = sourcecode.swift; path = CodeMatchUITests.swift; sourceTree = "<group>"; };
		A20000000000000000000010 /* CodeMatch.app */ = {isa = PBXFileReference; explicitFileType = wrapper.application; includeInIndex = 0; path = CodeMatch.app; sourceTree = BUILT_PRODUCTS_DIR; };
		A20000000000000000000011 /* CodeMatchTests.xctest */ = {isa = PBXFileReference; explicitFileType = wrapper.cfbundle; includeInIndex = 0; path = CodeMatchTests.xctest; sourceTree = BUILT_PRODUCTS_DIR; };
		A20000000000000000000012 /* CodeMatchUITests.xctest */ = {isa = PBXFileReference; explicitFileType = wrapper.cfbundle; includeInIndex = 0; path = CodeMatchUITests.xctest; sourceTree = BUILT_PRODUCTS_DIR; };
		A20000000000000000000013 /* RootTabView.swift */ = {isa = PBXFileReference; lastKnownFileType = sourcecode.swift; path = RootTabView.swift; sourceTree = "<group>"; };
		A20000000000000000000014 /* HistoryModels.swift */ = {isa = PBXFileReference; lastKnownFileType = sourcecode.swift; path = HistoryModels.swift; sourceTree = "<group>"; };
		A20000000000000000000015 /* HistoryStore.swift */ = {isa = PBXFileReference; lastKnownFileType = sourcecode.swift; path = HistoryStore.swift; sourceTree = "<group>"; };
		A20000000000000000000016 /* HistoryScreen.swift */ = {isa = PBXFileReference; lastKnownFileType = sourcecode.swift; path = HistoryScreen.swift; sourceTree = "<group>"; };
		A20000000000000000000017 /* SettingsScreen.swift */ = {isa = PBXFileReference; lastKnownFileType = sourcecode.swift; path = SettingsScreen.swift; sourceTree = "<group>"; };
		A20000000000000000000018 /* success1.mp3 */ = {isa = PBXFileReference; lastKnownFileType = audio.mp3; path = success1.mp3; sourceTree = "<group>"; };
		A20000000000000000000019 /* success2.mp3 */ = {isa = PBXFileReference; lastKnownFileType = audio.mp3; path = success2.mp3; sourceTree = "<group>"; };
		A2000000000000000000001A /* Fail1.mp3 */ = {isa = PBXFileReference; lastKnownFileType = audio.mp3; path = Fail1.mp3; sourceTree = "<group>"; };
		A2000000000000000000001B /* SessionPDFExporter.swift */ = {isa = PBXFileReference; lastKnownFileType = sourcecode.swift; path = SessionPDFExporter.swift; sourceTree = "<group>"; };
		A2000000000000000000001C /* BluetoothScannerService.swift */ = {isa = PBXFileReference; lastKnownFileType = sourcecode.swift; path = BluetoothScannerService.swift; sourceTree = "<group>"; };
		A2000000000000000000001E /* Localizable.xcstrings */ = {isa = PBXFileReference; lastKnownFileType = text.json.xcstrings; path = Localizable.xcstrings; sourceTree = "<group>"; };
		A20000000000000000000060 /* InfoPlist.strings */ = {
			isa = PBXVariantGroup;
			children = (
				A20000000000000000000061 /* en */,
				A20000000000000000000062 /* ja */,
			);
			name = InfoPlist.strings;
			path = InfoPlist.strings;
			sourceTree = "<group>";
		};
		A20000000000000000000061 /* en */ = {isa = PBXFileReference; lastKnownFileType = text.plist.strings; path = "en.lproj/InfoPlist.strings"; sourceTree = "<group>"; };
		A20000000000000000000062 /* ja */ = {isa = PBXFileReference; lastKnownFileType = text.plist.strings; path = "ja.lproj/InfoPlist.strings"; sourceTree = "<group>"; };
/* End PBXFileReference section */

/* Begin PBXFrameworksBuildPhase section */
		A60000000000000000000001 /* Frameworks */ = {
			isa = PBXFrameworksBuildPhase;
			buildActionMask = 2147483647;
			files = (
			);
			runOnlyForDeploymentPostprocessing = 0;
		};
		A60000000000000000000002 /* Frameworks */ = {
			isa = PBXFrameworksBuildPhase;
			buildActionMask = 2147483647;
			files = (
			);
			runOnlyForDeploymentPostprocessing = 0;
		};
		A60000000000000000000003 /* Frameworks */ = {
			isa = PBXFrameworksBuildPhase;
			buildActionMask = 2147483647;
			files = (
			);
			runOnlyForDeploymentPostprocessing = 0;
		};
/* End PBXFrameworksBuildPhase section */

/* Begin PBXGroup section */
		A70000000000000000000001 = {
			isa = PBXGroup;
			children = (
				A70000000000000000000002 /* CodeMatch */,
				A70000000000000000000009 /* CodeMatchTests */,
				A7000000000000000000000A /* CodeMatchUITests */,
				A7000000000000000000000B /* Products */,
			);
			sourceTree = "<group>";
		};
		A70000000000000000000002 /* CodeMatch */ = {
			isa = PBXGroup;
			children = (
				A70000000000000000000003 /* App */,
				A70000000000000000000004 /* DesignSystem */,
				A70000000000000000000005 /* Models */,
				A70000000000000000000006 /* Services */,
				A70000000000000000000007 /* Features */,
				A70000000000000000000008 /* Resources */,
			);
			path = CodeMatch;
			sourceTree = "<group>";
		};
		A70000000000000000000003 /* App */ = {
			isa = PBXGroup;
			children = (
				A20000000000000000000001 /* CodeMatchApp.swift */,
				A2000000000000000000001D /* AppLanguage.swift */,
				A20000000000000000000013 /* RootTabView.swift */,
			);
			path = App;
			sourceTree = "<group>";
		};
		A70000000000000000000004 /* DesignSystem */ = {
			isa = PBXGroup;
			children = (
				A20000000000000000000002 /* AppTheme.swift */,
			);
			path = DesignSystem;
			sourceTree = "<group>";
		};
		A70000000000000000000005 /* Models */ = {
			isa = PBXGroup;
			children = (
				A20000000000000000000003 /* ScanModels.swift */,
				A20000000000000000000014 /* HistoryModels.swift */,
			);
			path = Models;
			sourceTree = "<group>";
		};
		A70000000000000000000006 /* Services */ = {
			isa = PBXGroup;
			children = (
				A20000000000000000000004 /* FeedbackPlayer.swift */,
				A20000000000000000000005 /* CameraScanner.swift */,
				A20000000000000000000015 /* HistoryStore.swift */,
				A2000000000000000000001B /* SessionPDFExporter.swift */,
				A2000000000000000000001C /* BluetoothScannerService.swift */,
			);
			path = Services;
			sourceTree = "<group>";
		};
		A70000000000000000000007 /* Features */ = {
			isa = PBXGroup;
			children = (
				A7000000000000000000000C /* Scanner */,
				A7000000000000000000000D /* History */,
				A7000000000000000000000E /* Settings */,
			);
			path = Features;
			sourceTree = "<group>";
		};
		A70000000000000000000008 /* Resources */ = {
			isa = PBXGroup;
			children = (
				A20000000000000000000009 /* Assets.xcassets */,
				A2000000000000000000000B /* Info.plist */,
				A2000000000000000000000A /* PrivacyInfo.xcprivacy */,
				A2000000000000000000001E /* Localizable.xcstrings */,
				A20000000000000000000060 /* InfoPlist.strings */,
				A7000000000000000000000F /* Sounds */,
			);
			path = Resources;
			sourceTree = "<group>";
		};
		A70000000000000000000009 /* CodeMatchTests */ = {
			isa = PBXGroup;
			children = (
				A2000000000000000000000C /* CodeMatcherTests.swift */,
			);
			path = CodeMatchTests;
			sourceTree = "<group>";
		};
		A7000000000000000000000A /* CodeMatchUITests */ = {
			isa = PBXGroup;
			children = (
				A2000000000000000000000D /* CodeMatchUITests.swift */,
			);
			path = CodeMatchUITests;
			sourceTree = "<group>";
		};
		A7000000000000000000000B /* Products */ = {
			isa = PBXGroup;
			children = (
				A20000000000000000000010 /* CodeMatch.app */,
				A20000000000000000000011 /* CodeMatchTests.xctest */,
				A20000000000000000000012 /* CodeMatchUITests.xctest */,
			);
			name = Products;
			sourceTree = "<group>";
		};
		A7000000000000000000000C /* Scanner */ = {
			isa = PBXGroup;
			children = (
				A20000000000000000000006 /* CameraPreview.swift */,
				A20000000000000000000007 /* ScannerViewModel.swift */,
				A20000000000000000000008 /* ScannerScreen.swift */,
			);
			path = Scanner;
			sourceTree = "<group>";
		};
		A7000000000000000000000D /* History */ = {
			isa = PBXGroup;
			children = (
				A20000000000000000000016 /* HistoryScreen.swift */,
			);
			path = History;
			sourceTree = "<group>";
		};
		A7000000000000000000000E /* Settings */ = {
			isa = PBXGroup;
			children = (
				A20000000000000000000017 /* SettingsScreen.swift */,
			);
			path = Settings;
			sourceTree = "<group>";
		};
		A7000000000000000000000F /* Sounds */ = {
			isa = PBXGroup;
			children = (
				A20000000000000000000018 /* success1.mp3 */,
				A20000000000000000000019 /* success2.mp3 */,
				A2000000000000000000001A /* Fail1.mp3 */,
			);
			path = Sounds;
			sourceTree = "<group>";
		};
/* End PBXGroup section */

/* Begin PBXNativeTarget section */
		A50000000000000000000001 /* CodeMatch */ = {
			isa = PBXNativeTarget;
			buildConfigurationList = A80000000000000000000001 /* Build configuration list for PBXNativeTarget "CodeMatch" */;
			buildPhases = (
				A90000000000000000000001 /* Sources */,
				A60000000000000000000001 /* Frameworks */,
				AA0000000000000000000001 /* Resources */,
			);
			buildRules = (
			);
			dependencies = (
			);
			name = CodeMatch;
			productName = CodeMatch;
			productReference = A20000000000000000000010 /* CodeMatch.app */;
			productType = "com.apple.product-type.application";
		};
		A50000000000000000000002 /* CodeMatchTests */ = {
			isa = PBXNativeTarget;
			buildConfigurationList = A80000000000000000000002 /* Build configuration list for PBXNativeTarget "CodeMatchTests" */;
			buildPhases = (
				A90000000000000000000002 /* Sources */,
				A60000000000000000000002 /* Frameworks */,
				AA0000000000000000000002 /* Resources */,
			);
			buildRules = (
			);
			dependencies = (
				AB0000000000000000000001 /* PBXTargetDependency */,
			);
			name = CodeMatchTests;
			productName = CodeMatchTests;
			productReference = A20000000000000000000011 /* CodeMatchTests.xctest */;
			productType = "com.apple.product-type.bundle.unit-test";
		};
		A50000000000000000000003 /* CodeMatchUITests */ = {
			isa = PBXNativeTarget;
			buildConfigurationList = A80000000000000000000003 /* Build configuration list for PBXNativeTarget "CodeMatchUITests" */;
			buildPhases = (
				A90000000000000000000003 /* Sources */,
				A60000000000000000000003 /* Frameworks */,
				AA0000000000000000000003 /* Resources */,
			);
			buildRules = (
			);
			dependencies = (
				AB0000000000000000000002 /* PBXTargetDependency */,
			);
			name = CodeMatchUITests;
			productName = CodeMatchUITests;
			productReference = A20000000000000000000012 /* CodeMatchUITests.xctest */;
			productType = "com.apple.product-type.bundle.ui-testing";
		};
/* End PBXNativeTarget section */

/* Begin PBXProject section */
		A40000000000000000000001 /* Project object */ = {
			isa = PBXProject;
			attributes = {
				BuildIndependentTargetsInParallel = 1;
				LastSwiftUpdateCheck = 2660;
				LastUpgradeCheck = 2660;
				TargetAttributes = {
					A50000000000000000000001 = {
						CreatedOnToolsVersion = 26.6;
					};
					A50000000000000000000002 = {
						CreatedOnToolsVersion = 26.6;
						TestTargetID = A50000000000000000000001;
					};
					A50000000000000000000003 = {
						CreatedOnToolsVersion = 26.6;
						TestTargetID = A50000000000000000000001;
					};
				};
			};
			buildConfigurationList = A80000000000000000000004 /* Build configuration list for PBXProject "CodeMatch" */;
			compatibilityVersion = "Xcode 14.0";
			developmentRegion = ja;
			hasScannedForEncodings = 0;
			knownRegions = (
				ja,
				en,
				Base,
			);
			mainGroup = A70000000000000000000001;
			productRefGroup = A7000000000000000000000B /* Products */;
			projectDirPath = "";
			projectRoot = "";
			targets = (
				A50000000000000000000001 /* CodeMatch */,
				A50000000000000000000002 /* CodeMatchTests */,
				A50000000000000000000003 /* CodeMatchUITests */,
			);
		};
/* End PBXProject section */

/* Begin PBXResourcesBuildPhase section */
		AA0000000000000000000001 /* Resources */ = {
			isa = PBXResourcesBuildPhase;
			buildActionMask = 2147483647;
			files = (
				A10000000000000000000009 /* Assets.xcassets in Resources */,
				A1000000000000000000000A /* PrivacyInfo.xcprivacy in Resources */,
				A10000000000000000000018 /* Localizable.xcstrings in Resources */,
				A10000000000000000000060 /* InfoPlist.strings in Resources */,
				A10000000000000000000012 /* success1.mp3 in Resources */,
				A10000000000000000000013 /* success2.mp3 in Resources */,
				A10000000000000000000014 /* Fail1.mp3 in Resources */,
			);
			runOnlyForDeploymentPostprocessing = 0;
		};
		AA0000000000000000000002 /* Resources */ = {
			isa = PBXResourcesBuildPhase;
			buildActionMask = 2147483647;
			files = (
			);
			runOnlyForDeploymentPostprocessing = 0;
		};
		AA0000000000000000000003 /* Resources */ = {
			isa = PBXResourcesBuildPhase;
			buildActionMask = 2147483647;
			files = (
			);
			runOnlyForDeploymentPostprocessing = 0;
		};
/* End PBXResourcesBuildPhase section */

/* Begin PBXSourcesBuildPhase section */
		A90000000000000000000001 /* Sources */ = {
			isa = PBXSourcesBuildPhase;
			buildActionMask = 2147483647;
			files = (
				A10000000000000000000001 /* CodeMatchApp.swift in Sources */,
				A10000000000000000000017 /* AppLanguage.swift in Sources */,
				A10000000000000000000002 /* AppTheme.swift in Sources */,
				A10000000000000000000003 /* ScanModels.swift in Sources */,
				A10000000000000000000004 /* FeedbackPlayer.swift in Sources */,
				A10000000000000000000005 /* CameraScanner.swift in Sources */,
				A10000000000000000000006 /* CameraPreview.swift in Sources */,
				A10000000000000000000007 /* ScannerViewModel.swift in Sources */,
				A10000000000000000000008 /* ScannerScreen.swift in Sources */,
				A1000000000000000000000D /* RootTabView.swift in Sources */,
				A1000000000000000000000E /* HistoryModels.swift in Sources */,
				A1000000000000000000000F /* HistoryStore.swift in Sources */,
				A10000000000000000000010 /* HistoryScreen.swift in Sources */,
				A10000000000000000000011 /* SettingsScreen.swift in Sources */,
				A10000000000000000000015 /* SessionPDFExporter.swift in Sources */,
				A10000000000000000000016 /* BluetoothScannerService.swift in Sources */,
			);
			runOnlyForDeploymentPostprocessing = 0;
		};
		A90000000000000000000002 /* Sources */ = {
			isa = PBXSourcesBuildPhase;
			buildActionMask = 2147483647;
			files = (
				A1000000000000000000000B /* CodeMatcherTests.swift in Sources */,
			);
			runOnlyForDeploymentPostprocessing = 0;
		};
		A90000000000000000000003 /* Sources */ = {
			isa = PBXSourcesBuildPhase;
			buildActionMask = 2147483647;
			files = (
				A1000000000000000000000C /* CodeMatchUITests.swift in Sources */,
			);
			runOnlyForDeploymentPostprocessing = 0;
		};
/* End PBXSourcesBuildPhase section */

/* Begin PBXTargetDependency section */
		AB0000000000000000000001 /* PBXTargetDependency */ = {
			isa = PBXTargetDependency;
			target = A50000000000000000000001 /* CodeMatch */;
			targetProxy = A30000000000000000000001 /* PBXContainerItemProxy */;
		};
		AB0000000000000000000002 /* PBXTargetDependency */ = {
			isa = PBXTargetDependency;
			target = A50000000000000000000001 /* CodeMatch */;
			targetProxy = A30000000000000000000002 /* PBXContainerItemProxy */;
		};
/* End PBXTargetDependency section */

/* Begin XCBuildConfiguration section */
		AC0000000000000000000001 /* Debug */ = {
			isa = XCBuildConfiguration;
			buildSettings = {
				ASSETCATALOG_COMPILER_APPICON_NAME = AppIcon;
				ASSETCATALOG_COMPILER_GLOBAL_ACCENT_COLOR_NAME = AccentColor;
				CODE_SIGN_STYLE = Automatic;
				CURRENT_PROJECT_VERSION = 2;
				DEVELOPMENT_TEAM = NHP8639NK4;
				GENERATE_INFOPLIST_FILE = NO;
				INFOPLIST_FILE = CodeMatch/Resources/Info.plist;
				IPHONEOS_DEPLOYMENT_TARGET = 17.0;
				"FRAMEWORK_SEARCH_PATHS[sdk=iphoneos*]" = "$(PROJECT_DIR)/Vendor/Inateck";
				LD_RUNPATH_SEARCH_PATHS = (
					"$(inherited)",
					"@executable_path/Frameworks",
				);
				MARKETING_VERSION = 1.0;
				"OTHER_LDFLAGS[sdk=iphoneos*]" = "$(inherited) -framework InateckScannerBleKit";
				PRODUCT_BUNDLE_IDENTIFIER = jp.rimtty.CodeMatch;
				PRODUCT_NAME = "$(TARGET_NAME)";
				SUPPORTED_PLATFORMS = "iphoneos iphonesimulator";
				SUPPORTS_MACCATALYST = NO;
				SWIFT_EMIT_LOC_STRINGS = YES;
				"SWIFT_ACTIVE_COMPILATION_CONDITIONS[sdk=iphoneos*]" = "$(inherited) INATECK_SDK";
				SWIFT_VERSION = 5.0;
				TARGETED_DEVICE_FAMILY = "1,2";
			};
			name = Debug;
		};
		AC0000000000000000000002 /* Release */ = {
			isa = XCBuildConfiguration;
			buildSettings = {
				ASSETCATALOG_COMPILER_APPICON_NAME = AppIcon;
				ASSETCATALOG_COMPILER_GLOBAL_ACCENT_COLOR_NAME = AccentColor;
				CODE_SIGN_STYLE = Automatic;
				CURRENT_PROJECT_VERSION = 2;
				DEVELOPMENT_TEAM = NHP8639NK4;
				GENERATE_INFOPLIST_FILE = NO;
				INFOPLIST_FILE = CodeMatch/Resources/Info.plist;
				IPHONEOS_DEPLOYMENT_TARGET = 17.0;
				"FRAMEWORK_SEARCH_PATHS[sdk=iphoneos*]" = "$(PROJECT_DIR)/Vendor/Inateck";
				LD_RUNPATH_SEARCH_PATHS = (
					"$(inherited)",
					"@executable_path/Frameworks",
				);
				MARKETING_VERSION = 1.0;
				"OTHER_LDFLAGS[sdk=iphoneos*]" = "$(inherited) -framework InateckScannerBleKit";
				PRODUCT_BUNDLE_IDENTIFIER = jp.rimtty.CodeMatch;
				PRODUCT_NAME = "$(TARGET_NAME)";
				SUPPORTED_PLATFORMS = "iphoneos iphonesimulator";
				SUPPORTS_MACCATALYST = NO;
				SWIFT_COMPILATION_MODE = wholemodule;
				SWIFT_EMIT_LOC_STRINGS = YES;
				"SWIFT_ACTIVE_COMPILATION_CONDITIONS[sdk=iphoneos*]" = "$(inherited) INATECK_SDK";
				SWIFT_VERSION = 5.0;
				TARGETED_DEVICE_FAMILY = "1,2";
			};
			name = Release;
		};
		AC0000000000000000000003 /* Debug */ = {
			isa = XCBuildConfiguration;
			buildSettings = {
				BUNDLE_LOADER = "$(TEST_HOST)";
				CODE_SIGN_STYLE = Automatic;
				GENERATE_INFOPLIST_FILE = YES;
				IPHONEOS_DEPLOYMENT_TARGET = 17.0;
				LD_RUNPATH_SEARCH_PATHS = (
					"$(inherited)",
					"@executable_path/Frameworks",
					"@loader_path/Frameworks",
				);
				PRODUCT_BUNDLE_IDENTIFIER = jp.rimtty.CodeMatchTests;
				PRODUCT_NAME = "$(TARGET_NAME)";
				SWIFT_VERSION = 5.0;
				TARGETED_DEVICE_FAMILY = "1,2";
				TEST_HOST = "$(BUILT_PRODUCTS_DIR)/CodeMatch.app/$(BUNDLE_EXECUTABLE_FOLDER_PATH)/CodeMatch";
			};
			name = Debug;
		};
		AC0000000000000000000004 /* Release */ = {
			isa = XCBuildConfiguration;
			buildSettings = {
				BUNDLE_LOADER = "$(TEST_HOST)";
				CODE_SIGN_STYLE = Automatic;
				GENERATE_INFOPLIST_FILE = YES;
				IPHONEOS_DEPLOYMENT_TARGET = 17.0;
				LD_RUNPATH_SEARCH_PATHS = (
					"$(inherited)",
					"@executable_path/Frameworks",
					"@loader_path/Frameworks",
				);
				PRODUCT_BUNDLE_IDENTIFIER = jp.rimtty.CodeMatchTests;
				PRODUCT_NAME = "$(TARGET_NAME)";
				SWIFT_VERSION = 5.0;
				TARGETED_DEVICE_FAMILY = "1,2";
				TEST_HOST = "$(BUILT_PRODUCTS_DIR)/CodeMatch.app/$(BUNDLE_EXECUTABLE_FOLDER_PATH)/CodeMatch";
			};
			name = Release;
		};
		AC0000000000000000000005 /* Debug */ = {
			isa = XCBuildConfiguration;
			buildSettings = {
				CODE_SIGN_STYLE = Automatic;
				GENERATE_INFOPLIST_FILE = YES;
				IPHONEOS_DEPLOYMENT_TARGET = 17.0;
				PRODUCT_BUNDLE_IDENTIFIER = jp.rimtty.CodeMatchUITests;
				PRODUCT_NAME = "$(TARGET_NAME)";
				SWIFT_VERSION = 5.0;
				TARGETED_DEVICE_FAMILY = "1,2";
				TEST_TARGET_NAME = CodeMatch;
			};
			name = Debug;
		};
		AC0000000000000000000006 /* Release */ = {
			isa = XCBuildConfiguration;
			buildSettings = {
				CODE_SIGN_STYLE = Automatic;
				GENERATE_INFOPLIST_FILE = YES;
				IPHONEOS_DEPLOYMENT_TARGET = 17.0;
				PRODUCT_BUNDLE_IDENTIFIER = jp.rimtty.CodeMatchUITests;
				PRODUCT_NAME = "$(TARGET_NAME)";
				SWIFT_VERSION = 5.0;
				TARGETED_DEVICE_FAMILY = "1,2";
				TEST_TARGET_NAME = CodeMatch;
			};
			name = Release;
		};
		AC0000000000000000000007 /* Debug */ = {
			isa = XCBuildConfiguration;
			buildSettings = {
				ALWAYS_SEARCH_USER_PATHS = NO;
				CLANG_ANALYZER_NONNULL = YES;
				CLANG_ANALYZER_NUMBER_OBJECT_CONVERSION = YES_AGGRESSIVE;
				CLANG_CXX_LANGUAGE_STANDARD = "gnu++20";
				CLANG_ENABLE_MODULES = YES;
				CLANG_ENABLE_OBJC_ARC = YES;
				CLANG_WARN_BLOCK_CAPTURE_AUTORELEASING = YES;
				CLANG_WARN_BOOL_CONVERSION = YES;
				CLANG_WARN_COMMA = YES;
				CLANG_WARN_CONSTANT_CONVERSION = YES;
				CLANG_WARN_DEPRECATED_OBJC_IMPLEMENTATIONS = YES;
				CLANG_WARN_DIRECT_OBJC_ISA_USAGE = YES_ERROR;
				CLANG_WARN_DOCUMENTATION_COMMENTS = YES;
				CLANG_WARN_EMPTY_BODY = YES;
				CLANG_WARN_ENUM_CONVERSION = YES;
				CLANG_WARN_INFINITE_RECURSION = YES;
				CLANG_WARN_INT_CONVERSION = YES;
				CLANG_WARN_NON_LITERAL_NULL_CONVERSION = YES;
				CLANG_WARN_OBJC_IMPLICIT_RETAIN_SELF = YES;
				CLANG_WARN_OBJC_LITERAL_CONVERSION = YES;
				CLANG_WARN_QUOTED_INCLUDE_IN_FRAMEWORK_HEADER = YES;
				CLANG_WARN_RANGE_LOOP_ANALYSIS = YES;
				CLANG_WARN_STRICT_PROTOTYPES = YES;
				CLANG_WARN_SUSPICIOUS_MOVE = YES;
				CLANG_WARN_UNGUARDED_AVAILABILITY = YES_AGGRESSIVE;
				CLANG_WARN_UNREACHABLE_CODE = YES;
				CLANG_WARN__DUPLICATE_METHOD_MATCH = YES;
				COPY_PHASE_STRIP = NO;
				DEBUG_INFORMATION_FORMAT = dwarf;
				ENABLE_STRICT_OBJC_MSGSEND = YES;
				ENABLE_TESTABILITY = YES;
				GCC_C_LANGUAGE_STANDARD = gnu17;
				GCC_DYNAMIC_NO_PIC = NO;
				GCC_NO_COMMON_BLOCKS = YES;
				GCC_OPTIMIZATION_LEVEL = 0;
				GCC_PREPROCESSOR_DEFINITIONS = (
					"DEBUG=1",
					"$(inherited)",
				);
				GCC_WARN_64_TO_32_BIT_CONVERSION = YES;
				GCC_WARN_ABOUT_RETURN_TYPE = YES_ERROR;
				GCC_WARN_UNDECLARED_SELECTOR = YES;
				GCC_WARN_UNINITIALIZED_AUTOS = YES_AGGRESSIVE;
				GCC_WARN_UNUSED_FUNCTION = YES;
				GCC_WARN_UNUSED_VARIABLE = YES;
				MTL_ENABLE_DEBUG_INFO = INCLUDE_SOURCE;
				MTL_FAST_MATH = YES;
				ONLY_ACTIVE_ARCH = YES;
				SDKROOT = iphoneos;
				SWIFT_ACTIVE_COMPILATION_CONDITIONS = "DEBUG $(inherited)";
				SWIFT_OPTIMIZATION_LEVEL = "-Onone";
			};
			name = Debug;
		};
		AC0000000000000000000008 /* Release */ = {
			isa = XCBuildConfiguration;
			buildSettings = {
				ALWAYS_SEARCH_USER_PATHS = NO;
				CLANG_ANALYZER_NONNULL = YES;
				CLANG_ANALYZER_NUMBER_OBJECT_CONVERSION = YES_AGGRESSIVE;
				CLANG_CXX_LANGUAGE_STANDARD = "gnu++20";
				CLANG_ENABLE_MODULES = YES;
				CLANG_ENABLE_OBJC_ARC = YES;
				CLANG_WARN_BLOCK_CAPTURE_AUTORELEASING = YES;
				CLANG_WARN_BOOL_CONVERSION = YES;
				CLANG_WARN_COMMA = YES;
				CLANG_WARN_CONSTANT_CONVERSION = YES;
				CLANG_WARN_DEPRECATED_OBJC_IMPLEMENTATIONS = YES;
				CLANG_WARN_DIRECT_OBJC_ISA_USAGE = YES_ERROR;
				CLANG_WARN_DOCUMENTATION_COMMENTS = YES;
				CLANG_WARN_EMPTY_BODY = YES;
				CLANG_WARN_ENUM_CONVERSION = YES;
				CLANG_WARN_INFINITE_RECURSION = YES;
				CLANG_WARN_INT_CONVERSION = YES;
				CLANG_WARN_NON_LITERAL_NULL_CONVERSION = YES;
				CLANG_WARN_OBJC_IMPLICIT_RETAIN_SELF = YES;
				CLANG_WARN_OBJC_LITERAL_CONVERSION = YES;
				CLANG_WARN_QUOTED_INCLUDE_IN_FRAMEWORK_HEADER = YES;
				CLANG_WARN_RANGE_LOOP_ANALYSIS = YES;
				CLANG_WARN_STRICT_PROTOTYPES = YES;
				CLANG_WARN_SUSPICIOUS_MOVE = YES;
				CLANG_WARN_UNGUARDED_AVAILABILITY = YES_AGGRESSIVE;
				CLANG_WARN_UNREACHABLE_CODE = YES;
				CLANG_WARN__DUPLICATE_METHOD_MATCH = YES;
				COPY_PHASE_STRIP = NO;
				DEBUG_INFORMATION_FORMAT = "dwarf-with-dsym";
				ENABLE_NS_ASSERTIONS = NO;
				ENABLE_STRICT_OBJC_MSGSEND = YES;
				GCC_C_LANGUAGE_STANDARD = gnu17;
				GCC_NO_COMMON_BLOCKS = YES;
				GCC_WARN_64_TO_32_BIT_CONVERSION = YES;
				GCC_WARN_ABOUT_RETURN_TYPE = YES_ERROR;
				GCC_WARN_UNDECLARED_SELECTOR = YES;
				GCC_WARN_UNINITIALIZED_AUTOS = YES_AGGRESSIVE;
				GCC_WARN_UNUSED_FUNCTION = YES;
				GCC_WARN_UNUSED_VARIABLE = YES;
				MTL_ENABLE_DEBUG_INFO = NO;
				MTL_FAST_MATH = YES;
				SDKROOT = iphoneos;
				SWIFT_COMPILATION_MODE = wholemodule;
				VALIDATE_PRODUCT = YES;
			};
			name = Release;
		};
/* End XCBuildConfiguration section */

/* Begin XCConfigurationList section */
		A80000000000000000000001 /* Build configuration list for PBXNativeTarget "CodeMatch" */ = {
			isa = XCConfigurationList;
			buildConfigurations = (
				AC0000000000000000000001 /* Debug */,
				AC0000000000000000000002 /* Release */,
			);
			defaultConfigurationIsVisible = 0;
			defaultConfigurationName = Release;
		};
		A80000000000000000000002 /* Build configuration list for PBXNativeTarget "CodeMatchTests" */ = {
			isa = XCConfigurationList;
			buildConfigurations = (
				AC0000000000000000000003 /* Debug */,
				AC0000000000000000000004 /* Release */,
			);
			defaultConfigurationIsVisible = 0;
			defaultConfigurationName = Release;
		};
		A80000000000000000000003 /* Build configuration list for PBXNativeTarget "CodeMatchUITests" */ = {
			isa = XCConfigurationList;
			buildConfigurations = (
				AC0000000000000000000005 /* Debug */,
				AC0000000000000000000006 /* Release */,
			);
			defaultConfigurationIsVisible = 0;
			defaultConfigurationName = Release;
		};
		A80000000000000000000004 /* Build configuration list for PBXProject "CodeMatch" */ = {
			isa = XCConfigurationList;
			buildConfigurations = (
				AC0000000000000000000007 /* Debug */,
				AC0000000000000000000008 /* Release */,
			);
			defaultConfigurationIsVisible = 0;
			defaultConfigurationName = Release;
		};
/* End XCConfigurationList section */
	};
	rootObject = A40000000000000000000001 /* Project object */;
}
